github.com/self-declared-corner/proxy-shell v0.0.0-20240603145641-c627f208d3d0 h1:f9iu7vzNZd/DCwmzY4/RFWPH2XKPJcelwykpvR5jqc0=
github.com/self-declared-corner/proxy-shell v0.0.0-20240603145641-c627f208d3d0/go.mod h1:15Wmsaw8EGOyn5Ahh5z1A5NXHq++g97bcnDF5MjFr30=
github.com/self-declared-corner/proxy-shell v0.0.0-20240604193052-23ae179178de h1:Fz+6VKTan35yHn7lor+/LCzTZ1VLc3gP37UjR7t2adY=
github.com/self-declared-corner/proxy-shell v0.0.0-20240604193052-23ae179178de/go.mod h1:8bq7qXZiuSj9a3Rlw7G0jQZnmIjbs1FnlmGexS3zY3M=
